
Microsoft Visual Studio Solution File, Format Version 12.00
# Visual Studio Version 16
VisualStudioVersion = 16.0.33927.289
MinimumVisualStudioVersion = 10.0.40219.1
Project("{2150E333-8FDC-42A3-9474-1A3956D46DE8}") = "Task0", "Task0", "{A0C5A7DD-CDDE-4FA8-BC5D-5E3793E9D404}"
EndProject
Project("{FAE04EC0-301F-11D3-BF4B-00C04F79EFBC}") = "Tyuiu.KozhevnikovDG.Sprint3.Task0.V9", "Tyuiu.KozhevnikovDG.Sprint3.Task0.V9\Tyuiu.KozhevnikovDG.Sprint3.Task0.V9.csproj", "{0B74A58E-2CBB-48E7-8307-8067257AA5CC}"
EndProject
Project("{FAE04EC0-301F-11D3-BF4B-00C04F79EFBC}") = "Tyuiu.KozhevnikovDG.Sprint3.Task0.V9.Lib", "Tyuiu.KozhevnikovDG.Sprint3.Task0.V9.Lib\Tyuiu.KozhevnikovDG.Sprint3.Task0.V9.Lib.csproj", "{8E241C86-A98A-4F82-980D-3C32CB6D17D6}"
EndProject
Project("{FAE04EC0-301F-11D3-BF4B-00C04F79EFBC}") = "Tyuiu.KozhevnikovDG.Sprint3.Task0.V9.Test", "Tyuiu.KozhevnikovDG.Sprint3.Task0.V9.Test\Tyuiu.KozhevnikovDG.Sprint3.Task0.V9.Test.csproj", "{DCC501A5-F0F0-4FA9-9EDF-474D6B0BAADA}"
EndProject
Project("{2150E333-8FDC-42A3-9474-1A3956D46DE8}") = "Task1", "Task1", "{153A7D81-442F-4DB5-90E5-41A9A5F7C1C1}"
EndProject
Project("{FAE04EC0-301F-11D3-BF4B-00C04F79EFBC}") = "Tyuiu.KozhevnikovDG.Sprint3.Task1.V18", "Tyuiu.KozhevnikovDG.Sprint3.Task1.V18\Tyuiu.KozhevnikovDG.Sprint3.Task1.V18.csproj", "{2A9EB670-D2CF-435D-9673-0E1C73077C12}"
EndProject
Project("{FAE04EC0-301F-11D3-BF4B-00C04F79EFBC}") = "Tyuiu.KozhevnikovDG.Sprint3.Task1.V18.Lib", "Tyuiu.KozhevnikovDG.Sprint3.Task1.V18.Lib\Tyuiu.KozhevnikovDG.Sprint3.Task1.V18.Lib.csproj", "{6590831D-8CEB-4C4E-9B6E-6D29328E3400}"
EndProject
Project("{FAE04EC0-301F-11D3-BF4B-00C04F79EFBC}") = "Tyuiu.KozhevnikovDG.Sprint3.Task1.V18.Test", "Tyuiu.KozhevnikovDG.Sprint3.Task1.V18.Test\Tyuiu.KozhevnikovDG.Sprint3.Task1.V18.Test.csproj", "{DF773E69-9FF0-4C25-9459-9F91C77577DE}"
EndProject
Project("{2150E333-8FDC-42A3-9474-1A3956D46DE8}") = "Task2", "Task2", "{01C9FE80-1741-464F-967F-2F99119E88C5}"
EndProject
Project("{FAE04EC0-301F-11D3-BF4B-00C04F79EFBC}") = "Tyuiu.KozhevnikovDG.Sprint3.Task2.V21", "Tyuiu.KozhevnikovDG.Sprint3.Task2.V21\Tyuiu.KozhevnikovDG.Sprint3.Task2.V21.csproj", "{F2747006-461D-4B26-8C04-7817E697D8A4}"
EndProject
Project("{FAE04EC0-301F-11D3-BF4B-00C04F79EFBC}") = "Tyuiu.KozhevnikovDG.Sprint3.Task2.V21.Lib", "Tyuiu.KozhevnikovDG.Sprint3.Task2.V21.Lib\Tyuiu.KozhevnikovDG.Sprint3.Task2.V21.Lib.csproj", "{76631794-9213-44D3-85B9-FA1809FA3127}"
EndProject
Project("{FAE04EC0-301F-11D3-BF4B-00C04F79EFBC}") = "Tyuiu.KozhevnikovDG.Sprint3.Task2.V21.Test", "Tyuiu.KozhevnikovDG.Sprint3.Task2.V21.Test\Tyuiu.KozhevnikovDG.Sprint3.Task2.V21.Test.csproj", "{8614C207-E2A0-488C-8EB4-3F465AD69532}"
EndProject
Project("{2150E333-8FDC-42A3-9474-1A3956D46DE8}") = "Task3", "Task3", "{A6BB889D-6FA5-47A1-9B5F-B3428F8456BE}"
EndProject
Project("{FAE04EC0-301F-11D3-BF4B-00C04F79EFBC}") = "Tyuiu.KozhevnikovDG.Sprint3.Task3.V22", "Tyuiu.KozhevnikovDG.Sprint3.Task3.V22\Tyuiu.KozhevnikovDG.Sprint3.Task3.V22.csproj", "{16CB2425-FC14-444B-A9C3-97A3138152AE}"
EndProject
Project("{FAE04EC0-301F-11D3-BF4B-00C04F79EFBC}") = "Tyuiu.KozhevnikovDG.Sprint3.Task3.V22.Lib", "Tyuiu.KozhevnikovDG.Sprint3.Task3.V22.Lib\Tyuiu.KozhevnikovDG.Sprint3.Task3.V22.Lib.csproj", "{9CD83407-FB80-4D77-A2D2-7DFD6D147438}"
EndProject
Project("{FAE04EC0-301F-11D3-BF4B-00C04F79EFBC}") = "Tyuiu.KozhevnikovDG.Sprint3.Task3.V22.Test", "Tyuiu.KozhevnikovDG.Sprint3.Task3.V22.Test\Tyuiu.KozhevnikovDG.Sprint3.Task3.V22.Test.csproj", "{77DA5A77-082E-49E2-8EE7-6F200D1C7407}"
EndProject
Project("{2150E333-8FDC-42A3-9474-1A3956D46DE8}") = "Task4", "Task4", "{F3507736-E8F0-4A27-A005-0B59BEE1FC91}"
EndProject
Project("{FAE04EC0-301F-11D3-BF4B-00C04F79EFBC}") = "Tyuiu.KozhevnikovDG.Sprint3.Task4.V22", "Tyuiu.KozhevnikovDG.Sprint3.Task4.V22\Tyuiu.KozhevnikovDG.Sprint3.Task4.V22.csproj", "{5BE1A7DD-71E9-47F7-BFDF-024900A0DAAC}"
EndProject
Project("{FAE04EC0-301F-11D3-BF4B-00C04F79EFBC}") = "Tyuiu.KozhevnikovDG.Sprint3.Task4.V22.Lib", "Tyuiu.KozhevnikovDG.Sprint3.Task4.V22.Lib\Tyuiu.KozhevnikovDG.Sprint3.Task4.V22.Lib.csproj", "{3C11E478-B3A1-48B4-B40D-E9128A308668}"
EndProject
Project("{FAE04EC0-301F-11D3-BF4B-00C04F79EFBC}") = "Tyuiu.KozhevnikovDG.Sprint3.Task4.V22.Test", "Tyuiu.KozhevnikovDG.Sprint3.Task4.V22.Test\Tyuiu.KozhevnikovDG.Sprint3.Task4.V22.Test.csproj", "{511E3935-780D-4A9F-9951-E9FCE8EF2762}"
EndProject
Project("{2150E333-8FDC-42A3-9474-1A3956D46DE8}") = "Task5", "Task5", "{E730B798-4C37-4A26-92CD-8C933F47B053}"
EndProject
Project("{FAE04EC0-301F-11D3-BF4B-00C04F79EFBC}") = "Tyuiu.KozhevnikovDG.Sprint3.Task5.V27", "Tyuiu.KozhevnikovDG.Sprint3.Task5.V27\Tyuiu.KozhevnikovDG.Sprint3.Task5.V27.csproj", "{768F529F-C5B8-49A9-BC81-3625CB2367BD}"
EndProject
Project("{FAE04EC0-301F-11D3-BF4B-00C04F79EFBC}") = "Tyuiu.KozhevnikovDG.Sprint3.Task5.V27.Lib", "Tyuiu.KozhevnikovDG.Sprint3.Task5.V27.Lib\Tyuiu.KozhevnikovDG.Sprint3.Task5.V27.Lib.csproj", "{88FF30B8-A9CF-44C5-B333-ACC49A7CF5CB}"
EndProject
Project("{FAE04EC0-301F-11D3-BF4B-00C04F79EFBC}") = "Tyuiu.KozhevnikovDG.Sprint3.Task5.V27.Test", "Tyuiu.KozhevnikovDG.Sprint3.Task5.V27.Test\Tyuiu.KozhevnikovDG.Sprint3.Task5.V27.Test.csproj", "{2629FF01-518B-4753-A859-ABA0DCB261B7}"
EndProject
Project("{2150E333-8FDC-42A3-9474-1A3956D46DE8}") = "Task6", "Task6", "{BC38351E-7F74-4268-B1D0-9BCAC6ED8ED4}"
EndProject
Project("{FAE04EC0-301F-11D3-BF4B-00C04F79EFBC}") = "Tyuiu.KozhevnikovDG.Sprint3.Task6.V1", "Tyuiu.KozhevnikovDG.Sprint3.Task6.V1\Tyuiu.KozhevnikovDG.Sprint3.Task6.V1.csproj", "{2E94A27A-EBD7-489C-8019-FEF2E0C93992}"
EndProject
Project("{FAE04EC0-301F-11D3-BF4B-00C04F79EFBC}") = "Tyuiu.KozhevnikovDG.Sprint3.Task6.V1.Lib", "Tyuiu.KozhevnikovDG.Sprint3.Task6.V1.Lib\Tyuiu.KozhevnikovDG.Sprint3.Task6.V1.Lib.csproj", "{858558C4-4EE8-4B35-B4B6-AD5282DFCFB8}"
EndProject
Project("{FAE04EC0-301F-11D3-BF4B-00C04F79EFBC}") = "Tyuiu.KozhevnikovDG.Sprint3.Task6.V1.Test", "Tyuiu.KozhevnikovDG.Sprint3.Task6.V1.Test\Tyuiu.KozhevnikovDG.Sprint3.Task6.V1.Test.csproj", "{009BFAEC-9390-414D-AFFE-624E30CB4AF2}"
EndProject
Global
	GlobalSection(SolutionConfigurationPlatforms) = preSolution
		Debug|Any CPU = Debug|Any CPU
		Release|Any CPU = Release|Any CPU
	EndGlobalSection
	GlobalSection(ProjectConfigurationPlatforms) = postSolution
		{0B74A58E-2CBB-48E7-8307-8067257AA5CC}.Debug|Any CPU.ActiveCfg = Debug|Any CPU
		{0B74A58E-2CBB-48E7-8307-8067257AA5CC}.Debug|Any CPU.Build.0 = Debug|Any CPU
		{0B74A58E-2CBB-48E7-8307-8067257AA5CC}.Release|Any CPU.ActiveCfg = Release|Any CPU
		{0B74A58E-2CBB-48E7-8307-8067257AA5CC}.Release|Any CPU.Build.0 = Release|Any CPU
		{8E241C86-A98A-4F82-980D-3C32CB6D17D6}.Debug|Any CPU.ActiveCfg = Debug|Any CPU
		{8E241C86-A98A-4F82-980D-3C32CB6D17D6}.Debug|Any CPU.Build.0 = Debug|Any CPU
		{8E241C86-A98A-4F82-980D-3C32CB6D17D6}.Release|Any CPU.ActiveCfg = Release|Any CPU
		{8E241C86-A98A-4F82-980D-3C32CB6D17D6}.Release|Any CPU.Build.0 = Release|Any CPU
		{DCC501A5-F0F0-4FA9-9EDF-474D6B0BAADA}.Debug|Any CPU.ActiveCfg = Debug|Any CPU
		{DCC501A5-F0F0-4FA9-9EDF-474D6B0BAADA}.Debug|Any CPU.Build.0 = Debug|Any CPU
		{DCC501A5-F0F0-4FA9-9EDF-474D6B0BAADA}.Release|Any CPU.ActiveCfg = Release|Any CPU
		{DCC501A5-F0F0-4FA9-9EDF-474D6B0BAADA}.Release|Any CPU.Build.0 = Release|Any CPU
		{2A9EB670-D2CF-435D-9673-0E1C73077C12}.Debug|Any CPU.ActiveCfg = Debug|Any CPU
		{2A9EB670-D2CF-435D-9673-0E1C73077C12}.Debug|Any CPU.Build.0 = Debug|Any CPU
		{2A9EB670-D2CF-435D-9673-0E1C73077C12}.Release|Any CPU.ActiveCfg = Release|Any CPU
		{2A9EB670-D2CF-435D-9673-0E1C73077C12}.Release|Any CPU.Build.0 = Release|Any CPU
		{6590831D-8CEB-4C4E-9B6E-6D29328E3400}.Debug|Any CPU.ActiveCfg = Debug|Any CPU
		{6590831D-8CEB-4C4E-9B6E-6D29328E3400}.Debug|Any CPU.Build.0 = Debug|Any CPU
		{6590831D-8CEB-4C4E-9B6E-6D29328E3400}.Release|Any CPU.ActiveCfg = Release|Any CPU
		{6590831D-8CEB-4C4E-9B6E-6D29328E3400}.Release|Any CPU.Build.0 = Release|Any CPU
		{DF773E69-9FF0-4C25-9459-9F91C77577DE}.Debug|Any CPU.ActiveCfg = Debug|Any CPU
		{DF773E69-9FF0-4C25-9459-9F91C77577DE}.Debug|Any CPU.Build.0 = Debug|Any CPU
		{DF773E69-9FF0-4C25-9459-9F91C77577DE}.Release|Any CPU.ActiveCfg = Release|Any CPU
		{DF773E69-9FF0-4C25-9459-9F91C77577DE}.Release|Any CPU.Build.0 = Release|Any CPU
		{F2747006-461D-4B26-8C04-7817E697D8A4}.Debug|Any CPU.ActiveCfg = Debug|Any CPU
		{F2747006-461D-4B26-8C04-7817E697D8A4}.Debug|Any CPU.Build.0 = Debug|Any CPU
		{F2747006-461D-4B26-8C04-7817E697D8A4}.Release|Any CPU.ActiveCfg = Release|Any CPU
		{F2747006-461D-4B26-8C04-7817E697D8A4}.Release|Any CPU.Build.0 = Release|Any CPU
		{76631794-9213-44D3-85B9-FA1809FA3127}.Debug|Any CPU.ActiveCfg = Debug|Any CPU
		{76631794-9213-44D3-85B9-FA1809FA3127}.Debug|Any CPU.Build.0 = Debug|Any CPU
		{76631794-9213-44D3-85B9-FA1809FA3127}.Release|Any CPU.ActiveCfg = Release|Any CPU
		{76631794-9213-44D3-85B9-FA1809FA3127}.Release|Any CPU.Build.0 = Release|Any CPU
		{8614C207-E2A0-488C-8EB4-3F465AD69532}.Debug|Any CPU.ActiveCfg = Debug|Any CPU
		{8614C207-E2A0-488C-8EB4-3F465AD69532}.Debug|Any CPU.Build.0 = Debug|Any CPU
		{8614C207-E2A0-488C-8EB4-3F465AD69532}.Release|Any CPU.ActiveCfg = Release|Any CPU
		{8614C207-E2A0-488C-8EB4-3F465AD69532}.Release|Any CPU.Build.0 = Release|Any CPU
		{16CB2425-FC14-444B-A9C3-97A3138152AE}.Debug|Any CPU.ActiveCfg = Debug|Any CPU
		{16CB2425-FC14-444B-A9C3-97A3138152AE}.Debug|Any CPU.Build.0 = Debug|Any CPU
		{16CB2425-FC14-444B-A9C3-97A3138152AE}.Release|Any CPU.ActiveCfg = Release|Any CPU
		{16CB2425-FC14-444B-A9C3-97A3138152AE}.Release|Any CPU.Build.0 = Release|Any CPU
		{9CD83407-FB80-4D77-A2D2-7DFD6D147438}.Debug|Any CPU.ActiveCfg = Debug|Any CPU
		{9CD83407-FB80-4D77-A2D2-7DFD6D147438}.Debug|Any CPU.Build.0 = Debug|Any CPU
		{9CD83407-FB80-4D77-A2D2-7DFD6D147438}.Release|Any CPU.ActiveCfg = Release|Any CPU
		{9CD83407-FB80-4D77-A2D2-7DFD6D147438}.Release|Any CPU.Build.0 = Release|Any CPU
		{77DA5A77-082E-49E2-8EE7-6F200D1C7407}.Debug|Any CPU.ActiveCfg = Debug|Any CPU
		{77DA5A77-082E-49E2-8EE7-6F200D1C7407}.Debug|Any CPU.Build.0 = Debug|Any CPU
		{77DA5A77-082E-49E2-8EE7-6F200D1C7407}.Release|Any CPU.ActiveCfg = Release|Any CPU
		{77DA5A77-082E-49E2-8EE7-6F200D1C7407}.Release|Any CPU.Build.0 = Release|Any CPU
		{5BE1A7DD-71E9-47F7-BFDF-024900A0DAAC}.Debug|Any CPU.ActiveCfg = Debug|Any CPU
		{5BE1A7DD-71E9-47F7-BFDF-024900A0DAAC}.Debug|Any CPU.Build.0 = Debug|Any CPU
		{5BE1A7DD-71E9-47F7-BFDF-024900A0DAAC}.Release|Any CPU.ActiveCfg = Release|Any CPU
		{5BE1A7DD-71E9-47F7-BFDF-024900A0DAAC}.Release|Any CPU.Build.0 = Release|Any CPU
		{3C11E478-B3A1-48B4-B40D-E9128A308668}.Debug|Any CPU.ActiveCfg = Debug|Any CPU
		{3C11E478-B3A1-48B4-B40D-E9128A308668}.Debug|Any CPU.Build.0 = Debug|Any CPU
		{3C11E478-B3A1-48B4-B40D-E9128A308668}.Release|Any CPU.ActiveCfg = Release|Any CPU
		{3C11E478-B3A1-48B4-B40D-E9128A308668}.Release|Any CPU.Build.0 = Release|Any CPU
		{511E3935-780D-4A9F-9951-E9FCE8EF2762}.Debug|Any CPU.ActiveCfg = Debug|Any CPU
		{511E3935-780D-4A9F-9951-E9FCE8EF2762}.Debug|Any CPU.Build.0 = Debug|Any CPU
		{511E3935-780D-4A9F-9951-E9FCE8EF2762}.Release|Any CPU.ActiveCfg = Release|Any CPU
		{511E3935-780D-4A9F-9951-E9FCE8EF2762}.Release|Any CPU.Build.0 = Release|Any CPU
		{768F529F-C5B8-49A9-BC81-3625CB2367BD}.Debug|Any CPU.ActiveCfg = Debug|Any CPU
		{768F529F-C5B8-49A9-BC81-3625CB2367BD}.Debug|Any CPU.Build.0 = Debug|Any CPU
		{768F529F-C5B8-49A9-BC81-3625CB2367BD}.Release|Any CPU.ActiveCfg = Release|Any CPU
		{768F529F-C5B8-49A9-BC81-3625CB2367BD}.Release|Any CPU.Build.0 = Release|Any CPU
		{88FF30B8-A9CF-44C5-B333-ACC49A7CF5CB}.Debug|Any CPU.ActiveCfg = Debug|Any CPU
		{88FF30B8-A9CF-44C5-B333-ACC49A7CF5CB}.Debug|Any CPU.Build.0 = Debug|Any CPU
		{88FF30B8-A9CF-44C5-B333-ACC49A7CF5CB}.Release|Any CPU.ActiveCfg = Release|Any CPU
		{88FF30B8-A9CF-44C5-B333-ACC49A7CF5CB}.Release|Any CPU.Build.0 = Release|Any CPU
		{2629FF01-518B-4753-A859-ABA0DCB261B7}.Debug|Any CPU.ActiveCfg = Debug|Any CPU
		{2629FF01-518B-4753-A859-ABA0DCB261B7}.Debug|Any CPU.Build.0 = Debug|Any CPU
		{2629FF01-518B-4753-A859-ABA0DCB261B7}.Release|Any CPU.ActiveCfg = Release|Any CPU
		{2629FF01-518B-4753-A859-ABA0DCB261B7}.Release|Any CPU.Build.0 = Release|Any CPU
		{2E94A27A-EBD7-489C-8019-FEF2E0C93992}.Debug|Any CPU.ActiveCfg = Debug|Any CPU
		{2E94A27A-EBD7-489C-8019-FEF2E0C93992}.Debug|Any CPU.Build.0 = Debug|Any CPU
		{2E94A27A-EBD7-489C-8019-FEF2E0C93992}.Release|Any CPU.ActiveCfg = Release|Any CPU
		{2E94A27A-EBD7-489C-8019-FEF2E0C93992}.Release|Any CPU.Build.0 = Release|Any CPU
		{858558C4-4EE8-4B35-B4B6-AD5282DFCFB8}.Debug|Any CPU.ActiveCfg = Debug|Any CPU
		{858558C4-4EE8-4B35-B4B6-AD5282DFCFB8}.Debug|Any CPU.Build.0 = Debug|Any CPU
		{858558C4-4EE8-4B35-B4B6-AD5282DFCFB8}.Release|Any CPU.ActiveCfg = Release|Any CPU
		{858558C4-4EE8-4B35-B4B6-AD5282DFCFB8}.Release|Any CPU.Build.0 = Release|Any CPU
		{009BFAEC-9390-414D-AFFE-624E30CB4AF2}.Debug|Any CPU.ActiveCfg = Debug|Any CPU
		{009BFAEC-9390-414D-AFFE-624E30CB4AF2}.Debug|Any CPU.Build.0 = Debug|Any CPU
		{009BFAEC-9390-414D-AFFE-624E30CB4AF2}.Release|Any CPU.ActiveCfg = Release|Any CPU
		{009BFAEC-9390-414D-AFFE-624E30CB4AF2}.Release|Any CPU.Build.0 = Release|Any CPU
	EndGlobalSection
	GlobalSection(SolutionProperties) = preSolution
		HideSolutionNode = FALSE
	EndGlobalSection
	GlobalSection(NestedProjects) = preSolution
		{0B74A58E-2CBB-48E7-8307-8067257AA5CC} = {A0C5A7DD-CDDE-4FA8-BC5D-5E3793E9D404}
		{8E241C86-A98A-4F82-980D-3C32CB6D17D6} = {A0C5A7DD-CDDE-4FA8-BC5D-5E3793E9D404}
		{DCC501A5-F0F0-4FA9-9EDF-474D6B0BAADA} = {A0C5A7DD-CDDE-4FA8-BC5D-5E3793E9D404}
		{2A9EB670-D2CF-435D-9673-0E1C73077C12} = {153A7D81-442F-4DB5-90E5-41A9A5F7C1C1}
		{6590831D-8CEB-4C4E-9B6E-6D29328E3400} = {153A7D81-442F-4DB5-90E5-41A9A5F7C1C1}
		{DF773E69-9FF0-4C25-9459-9F91C77577DE} = {153A7D81-442F-4DB5-90E5-41A9A5F7C1C1}
		{F2747006-461D-4B26-8C04-7817E697D8A4} = {01C9FE80-1741-464F-967F-2F99119E88C5}
		{76631794-9213-44D3-85B9-FA1809FA3127} = {01C9FE80-1741-464F-967F-2F99119E88C5}
		{8614C207-E2A0-488C-8EB4-3F465AD69532} = {01C9FE80-1741-464F-967F-2F99119E88C5}
		{16CB2425-FC14-444B-A9C3-97A3138152AE} = {A6BB889D-6FA5-47A1-9B5F-B3428F8456BE}
		{9CD83407-FB80-4D77-A2D2-7DFD6D147438} = {A6BB889D-6FA5-47A1-9B5F-B3428F8456BE}
		{77DA5A77-082E-49E2-8EE7-6F200D1C7407} = {A6BB889D-6FA5-47A1-9B5F-B3428F8456BE}
		{5BE1A7DD-71E9-47F7-BFDF-024900A0DAAC} = {F3507736-E8F0-4A27-A005-0B59BEE1FC91}
		{3C11E478-B3A1-48B4-B40D-E9128A308668} = {F3507736-E8F0-4A27-A005-0B59BEE1FC91}
		{511E3935-780D-4A9F-9951-E9FCE8EF2762} = {F3507736-E8F0-4A27-A005-0B59BEE1FC91}
		{768F529F-C5B8-49A9-BC81-3625CB2367BD} = {E730B798-4C37-4A26-92CD-8C933F47B053}
		{88FF30B8-A9CF-44C5-B333-ACC49A7CF5CB} = {E730B798-4C37-4A26-92CD-8C933F47B053}
		{2629FF01-518B-4753-A859-ABA0DCB261B7} = {E730B798-4C37-4A26-92CD-8C933F47B053}
		{2E94A27A-EBD7-489C-8019-FEF2E0C93992} = {BC38351E-7F74-4268-B1D0-9BCAC6ED8ED4}
		{858558C4-4EE8-4B35-B4B6-AD5282DFCFB8} = {BC38351E-7F74-4268-B1D0-9BCAC6ED8ED4}
		{009BFAEC-9390-414D-AFFE-624E30CB4AF2} = {BC38351E-7F74-4268-B1D0-9BCAC6ED8ED4}
	EndGlobalSection
	GlobalSection(ExtensibilityGlobals) = postSolution
		SolutionGuid = {A3AC3457-15F9-4952-A589-7886B1CA30ED}
	EndGlobalSection
EndGlobal
